
Microsoft Visual Studio Solution File, Format Version 12.00
# Visual Studio 15
VisualStudioVersion = 15.0.27703.2026
MinimumVisualStudioVersion = 10.0.40219.1
Project("{FAE04EC0-301F-11D3-BF4B-00C04F79EFBC}") = "Agl.Web", "Agl.Web\Agl.Web.csproj", "{667DF58C-6E86-43B0-896A-CCEFEF393535}"
EndProject
Global
	GlobalSection(SolutionConfigurationPlatforms) = preSolution
		Debug|Any CPU = Debug|Any CPU
		Release|Any CPU = Release|Any CPU
	EndGlobalSection
	GlobalSection(ProjectConfigurationPlatforms) = postSolution
		{667DF58C-6E86-43B0-896A-CCEFEF393535}.Debug|Any CPU.ActiveCfg = Debug|Any CPU
		{667DF58C-6E86-43B0-896A-CCEFEF393535}.Debug|Any CPU.Build.0 = Debug|Any CPU
		{667DF58C-6E86-43B0-896A-CCEFEF393535}.Release|Any CPU.ActiveCfg = Release|Any CPU
		{667DF58C-6E86-43B0-896A-CCEFEF393535}.Release|Any CPU.Build.0 = Release|Any CPU
	EndGlobalSection
	GlobalSection(SolutionProperties) = preSolution
		HideSolutionNode = FALSE
	EndGlobalSection
	GlobalSection(ExtensibilityGlobals) = postSolution
		SolutionGuid = {E71ABCDD-491A-4CB1-B6BD-AFCB7F2A0C7C}
	EndGlobalSection
EndGlobal
